// !$*UTF8*$!
{
	archiveVersion = 1;
	classes = {
	};
	objectVersion = 77;
	objects = {

/* Begin PBXContainerItemProxy section */
		BBDD96CB2CDD698E00328D65 /* PBXContainerItemProxy */ = {
			isa = PBXContainerItemProxy;
			containerPortal = BBDD96AD2CDD698C00328D65 /* Project object */;
			proxyType = 1;
			remoteGlobalIDString = BBDD96B42CDD698C00328D65;
			remoteInfo = MeetTracker;
		};
		BBDD96D52CDD698E00328D65 /* PBXContainerItemProxy */ = {
			isa = PBXContainerItemProxy;
			containerPortal = BBDD96AD2CDD698C00328D65 /* Project object */;
			proxyType = 1;
			remoteGlobalIDString = BBDD96B42CDD698C00328D65;
			remoteInfo = MeetTracker;
		};
/* End PBXContainerItemProxy section */

/* Begin PBXFileReference section */
		BB0EDE742CDD8FF70037ACBF /* test_locations.gpx */ = {isa = PBXFileReference; lastKnownFileType = text.xml; path = test_locations.gpx; sourceTree = "<group>"; };
		BB0EDE752CDD91790037ACBF /* mount_bonnell.gpx */ = {isa = PBXFileReference; lastKnownFileType = text.xml; path = mount_bonnell.gpx; sourceTree = "<group>"; };
		BB0EDE762CDD91880037ACBF /* barton_springs.gpx */ = {isa = PBXFileReference; lastKnownFileType = text.xml; path = barton_springs.gpx; sourceTree = "<group>"; };
		BB0EDE772CDD91900037ACBF /* ut_austin.gpx */ = {isa = PBXFileReference; lastKnownFileType = text.xml; path = ut_austin.gpx; sourceTree = "<group>"; };
		BB0EDE782CDD91970037ACBF /* downtown_austin.gpx */ = {isa = PBXFileReference; lastKnownFileType = text.xml; path = downtown_austin.gpx; sourceTree = "<group>"; };
		BBDD96B52CDD698C00328D65 /* Hoosit.app */ = {isa = PBXFileReference; explicitFileType = wrapper.application; includeInIndex = 0; path = Hoosit.app; sourceTree = BUILT_PRODUCTS_DIR; };
		BBDD96CA2CDD698E00328D65 /* HoositTests.xctest */ = {isa = PBXFileReference; explicitFileType = wrapper.cfbundle; includeInIndex = 0; path = HoositTests.xctest; sourceTree = BUILT_PRODUCTS_DIR; };
		BBDD96D42CDD698E00328D65 /* HoositUITests.xctest */ = {isa = PBXFileReference; explicitFileType = wrapper.cfbundle; includeInIndex = 0; path = HoositUITests.xctest; sourceTree = BUILT_PRODUCTS_DIR; };
/* End PBXFileReference section */

/* Begin PBXFileSystemSynchronizedRootGroup section */
		BBDD96B72CDD698C00328D65 /* MeetTracker */ = {
			isa = PBXFileSystemSynchronizedRootGroup;
			path = MeetTracker;
			sourceTree = "<group>";
		};
		BBDD96CD2CDD698E00328D65 /* MeetTrackerTests */ = {
			isa = PBXFileSystemSynchronizedRootGroup;
			path = MeetTrackerTests;
			sourceTree = "<group>";
		};
		BBDD96D72CDD698E00328D65 /* MeetTrackerUITests */ = {
			isa = PBXFileSystemSynchronizedRootGroup;
			path = MeetTrackerUITests;
			sourceTree = "<group>";
		};
/* End PBXFileSystemSynchronizedRootGroup section */

/* Begin PBXFrameworksBuildPhase section */
		BBDD96B22CDD698C00328D65 /* Frameworks */ = {
			isa = PBXFrameworksBuildPhase;
			buildActionMask = 2147483647;
			files = (
			);
			runOnlyForDeploymentPostprocessing = 0;
		};
		BBDD96C72CDD698E00328D65 /* Frameworks */ = {
			isa = PBXFrameworksBuildPhase;
			buildActionMask = 2147483647;
			files = (
			);
			runOnlyForDeploymentPostprocessing = 0;
		};
		BBDD96D12CDD698E00328D65 /* Frameworks */ = {
			isa = PBXFrameworksBuildPhase;
			buildActionMask = 2147483647;
			files = (
			);
			runOnlyForDeploymentPostprocessing = 0;
		};
/* End PBXFrameworksBuildPhase section */

/* Begin PBXGroup section */
		BBDD96AC2CDD698C00328D65 = {
			isa = PBXGroup;
			children = (
				BB0EDE782CDD91970037ACBF /* downtown_austin.gpx */,
				BB0EDE772CDD91900037ACBF /* ut_austin.gpx */,
				BB0EDE762CDD91880037ACBF /* barton_springs.gpx */,
				BB0EDE752CDD91790037ACBF /* mount_bonnell.gpx */,
				BB0EDE742CDD8FF70037ACBF /* test_locations.gpx */,
				BBDD96B72CDD698C00328D65 /* MeetTracker */,
				BBDD96CD2CDD698E00328D65 /* MeetTrackerTests */,
				BBDD96D72CDD698E00328D65 /* MeetTrackerUITests */,
				BBDD96B62CDD698C00328D65 /* Products */,
			);
			sourceTree = "<group>";
		};
		BBDD96B62CDD698C00328D65 /* Products */ = {
			isa = PBXGroup;
			children = (
				BBDD96B52CDD698C00328D65 /* Hoosit.app */,
				BBDD96CA2CDD698E00328D65 /* HoositTests.xctest */,
				BBDD96D42CDD698E00328D65 /* HoositUITests.xctest */,
			);
			name = Products;
			sourceTree = "<group>";
		};
/* End PBXGroup section */

/* Begin PBXNativeTarget section */
		BBDD96B42CDD698C00328D65 /* Hoosit */ = {
			isa = PBXNativeTarget;
			buildConfigurationList = BBDD96DE2CDD698E00328D65 /* Build configuration list for PBXNativeTarget "Hoosit" */;
			buildPhases = (
				BBDD96B12CDD698C00328D65 /* Sources */,
				BBDD96B22CDD698C00328D65 /* Frameworks */,
				BBDD96B32CDD698C00328D65 /* Resources */,
			);
			buildRules = (
			);
			dependencies = (
			);
			fileSystemSynchronizedGroups = (
				BBDD96B72CDD698C00328D65 /* MeetTracker */,
			);
			name = Hoosit;
			packageProductDependencies = (
			);
			productName = MeetTracker;
			productReference = BBDD96B52CDD698C00328D65 /* Hoosit.app */;
			productType = "com.apple.product-type.application";
		};
		BBDD96C92CDD698E00328D65 /* HoositTests */ = {
			isa = PBXNativeTarget;
			buildConfigurationList = BBDD96E12CDD698E00328D65 /* Build configuration list for PBXNativeTarget "HoositTests" */;
			buildPhases = (
				BBDD96C62CDD698E00328D65 /* Sources */,
				BBDD96C72CDD698E00328D65 /* Frameworks */,
				BBDD96C82CDD698E00328D65 /* Resources */,
			);
			buildRules = (
			);
			dependencies = (
				BBDD96CC2CDD698E00328D65 /* PBXTargetDependency */,
			);
			fileSystemSynchronizedGroups = (
				BBDD96CD2CDD698E00328D65 /* MeetTrackerTests */,
			);
			name = HoositTests;
			packageProductDependencies = (
			);
			productName = MeetTrackerTests;
			productReference = BBDD96CA2CDD698E00328D65 /* HoositTests.xctest */;
			productType = "com.apple.product-type.bundle.unit-test";
		};
		BBDD96D32CDD698E00328D65 /* HoositUITests */ = {
			isa = PBXNativeTarget;
			buildConfigurationList = BBDD96E42CDD698E00328D65 /* Build configuration list for PBXNativeTarget "HoositUITests" */;
			buildPhases = (
				BBDD96D02CDD698E00328D65 /* Sources */,
				BBDD96D12CDD698E00328D65 /* Frameworks */,
				BBDD96D22CDD698E00328D65 /* Resources */,
			);
			buildRules = (
			);
			dependencies = (
				BBDD96D62CDD698E00328D65 /* PBXTargetDependency */,
			);
			fileSystemSynchronizedGroups = (
				BBDD96D72CDD698E00328D65 /* MeetTrackerUITests */,
			);
			name = HoositUITests;
			packageProductDependencies = (
			);
			productName = MeetTrackerUITests;
			productReference = BBDD96D42CDD698E00328D65 /* HoositUITests.xctest */;
			productType = "com.apple.product-type.bundle.ui-testing";
		};
/* End PBXNativeTarget section */

/* Begin PBXProject section */
		BBDD96AD2CDD698C00328D65 /* Project object */ = {
			isa = PBXProject;
			attributes = {
				BuildIndependentTargetsInParallel = 1;
				LastSwiftUpdateCheck = 1610;
				LastUpgradeCheck = 1610;
				TargetAttributes = {
					BBDD96B42CDD698C00328D65 = {
						CreatedOnToolsVersion = 16.1;
					};
					BBDD96C92CDD698E00328D65 = {
						CreatedOnToolsVersion = 16.1;
						TestTargetID = BBDD96B42CDD698C00328D65;
					};
					BBDD96D32CDD698E00328D65 = {
						CreatedOnToolsVersion = 16.1;
					};
				};
			};
			buildConfigurationList = BBDD96B02CDD698C00328D65 /* Build configuration list for PBXProject "Hoosit" */;
			developmentRegion = en;
			hasScannedForEncodings = 0;
			knownRegions = (
				en,
				Base,
			);
			mainGroup = BBDD96AC2CDD698C00328D65;
			minimizedProjectReferenceProxies = 1;
			preferredProjectObjectVersion = 77;
			productRefGroup = BBDD96B62CDD698C00328D65 /* Products */;
			projectDirPath = "";
			projectRoot = "";
			targets = (
				BBDD96B42CDD698C00328D65 /* Hoosit */,
				BBDD96C92CDD698E00328D65 /* HoositTests */,
				BBDD96D32CDD698E00328D65 /* HoositUITests */,
			);
		};
/* End PBXProject section */

/* Begin PBXResourcesBuildPhase section */
		BBDD96B32CDD698C00328D65 /* Resources */ = {
			isa = PBXResourcesBuildPhase;
			buildActionMask = 2147483647;
			files = (
			);
			runOnlyForDeploymentPostprocessing = 0;
		};
		BBDD96C82CDD698E00328D65 /* Resources */ = {
			isa = PBXResourcesBuildPhase;
			buildActionMask = 2147483647;
			files = (
			);
			runOnlyForDeploymentPostprocessing = 0;
		};
		BBDD96D22CDD698E00328D65 /* Resources */ = {
			isa = PBXResourcesBuildPhase;
			buildActionMask = 2147483647;
			files = (
			);
			runOnlyForDeploymentPostprocessing = 0;
		};
/* End PBXResourcesBuildPhase section */

/* Begin PBXSourcesBuildPhase section */
		BBDD96B12CDD698C00328D65 /* Sources */ = {
			isa = PBXSourcesBuildPhase;
			buildActionMask = 2147483647;
			files = (
			);
			runOnlyForDeploymentPostprocessing = 0;
		};
		BBDD96C62CDD698E00328D65 /* Sources */ = {
			isa = PBXSourcesBuildPhase;
			buildActionMask = 2147483647;
			files = (
			);
			runOnlyForDeploymentPostprocessing = 0;
		};
		BBDD96D02CDD698E00328D65 /* Sources */ = {
			isa = PBXSourcesBuildPhase;
			buildActionMask = 2147483647;
			files = (
			);
			runOnlyForDeploymentPostprocessing = 0;
		};
/* End PBXSourcesBuildPhase section */

/* Begin PBXTargetDependency section */
		BBDD96CC2CDD698E00328D65 /* PBXTargetDependency */ = {
			isa = PBXTargetDependency;
			target = BBDD96B42CDD698C00328D65 /* Hoosit */;
			targetProxy = BBDD96CB2CDD698E00328D65 /* PBXContainerItemProxy */;
		};
		BBDD96D62CDD698E00328D65 /* PBXTargetDependency */ = {
			isa = PBXTargetDependency;
			target = BBDD96B42CDD698C00328D65 /* Hoosit */;
			targetProxy = BBDD96D52CDD698E00328D65 /* PBXContainerItemProxy */;
		};
/* End PBXTargetDependency section */

/* Begin XCBuildConfiguration section */
		BBDD96DC2CDD698E00328D65 /* Debug */ = {
			isa = XCBuildConfiguration;
			buildSettings = {
				ALWAYS_SEARCH_USER_PATHS = NO;
				ASSETCATALOG_COMPILER_GENERATE_SWIFT_ASSET_SYMBOL_EXTENSIONS = YES;
				CLANG_ANALYZER_NONNULL = YES;
				CLANG_ANALYZER_NUMBER_OBJECT_CONVERSION = YES_AGGRESSIVE;
				CLANG_CXX_LANGUAGE_STANDARD = "gnu++20";
				CLANG_ENABLE_MODULES = YES;
				CLANG_ENABLE_OBJC_ARC = YES;
				CLANG_ENABLE_OBJC_WEAK = YES;
				CLANG_WARN_BLOCK_CAPTURE_AUTORELEASING = YES;
				CLANG_WARN_BOOL_CONVERSION = YES;
				CLANG_WARN_COMMA = YES;
				CLANG_WARN_CONSTANT_CONVERSION = YES;
				CLANG_WARN_DEPRECATED_OBJC_IMPLEMENTATIONS = YES;
				CLANG_WARN_DIRECT_OBJC_ISA_USAGE = YES_ERROR;
				CLANG_WARN_DOCUMENTATION_COMMENTS = YES;
				CLANG_WARN_EMPTY_BODY = YES;
				CLANG_WARN_ENUM_CONVERSION = YES;
				CLANG_WARN_INFINITE_RECURSION = YES;
				CLANG_WARN_INT_CONVERSION = YES;
				CLANG_WARN_NON_LITERAL_NULL_CONVERSION = YES;
				CLANG_WARN_OBJC_IMPLICIT_RETAIN_SELF = YES;
				CLANG_WARN_OBJC_LITERAL_CONVERSION = YES;
				CLANG_WARN_OBJC_ROOT_CLASS = YES_ERROR;
				CLANG_WARN_QUOTED_INCLUDE_IN_FRAMEWORK_HEADER = YES;
				CLANG_WARN_RANGE_LOOP_ANALYSIS = YES;
				CLANG_WARN_STRICT_PROTOTYPES = YES;
				CLANG_WARN_SUSPICIOUS_MOVE = YES;
				CLANG_WARN_UNGUARDED_AVAILABILITY = YES_AGGRESSIVE;
				CLANG_WARN_UNREACHABLE_CODE = YES;
				CLANG_WARN__DUPLICATE_METHOD_MATCH = YES;
				COPY_PHASE_STRIP = NO;
				DEBUG_INFORMATION_FORMAT = dwarf;
				ENABLE_STRICT_OBJC_MSGSEND = YES;
				ENABLE_TESTABILITY = YES;
				ENABLE_USER_SCRIPT_SANDBOXING = YES;
				GCC_C_LANGUAGE_STANDARD = gnu17;
				GCC_DYNAMIC_NO_PIC = NO;
				GCC_NO_COMMON_BLOCKS = YES;
				GCC_OPTIMIZATION_LEVEL = 0;
				GCC_PREPROCESSOR_DEFINITIONS = (
					"DEBUG=1",
					"$(inherited)",
				);
				GCC_WARN_64_TO_32_BIT_CONVERSION = YES;
				GCC_WARN_ABOUT_RETURN_TYPE = YES_ERROR;
				GCC_WARN_UNDECLARED_SELECTOR = YES;
				GCC_WARN_UNINITIALIZED_AUTOS = YES_AGGRESSIVE;
				GCC_WARN_UNUSED_FUNCTION = YES;
				GCC_WARN_UNUSED_VARIABLE = YES;
				IPHONEOS_DEPLOYMENT_TARGET = 17.6;
				LOCALIZATION_PREFERS_STRING_CATALOGS = YES;
				MTL_ENABLE_DEBUG_INFO = INCLUDE_SOURCE;
				MTL_FAST_MATH = YES;
				ONLY_ACTIVE_ARCH = YES;
				SDKROOT = iphoneos;
				SWIFT_ACTIVE_COMPILATION_CONDITIONS = "DEBUG $(inherited)";
				SWIFT_OPTIMIZATION_LEVEL = "-Onone";
			};
			name = Debug;
		};
		BBDD96DD2CDD698E00328D65 /* Release */ = {
			isa = XCBuildConfiguration;
			buildSettings = {
				ALWAYS_SEARCH_USER_PATHS = NO;
				ASSETCATALOG_COMPILER_GENERATE_SWIFT_ASSET_SYMBOL_EXTENSIONS = YES;
				CLANG_ANALYZER_NONNULL = YES;
				CLANG_ANALYZER_NUMBER_OBJECT_CONVERSION = YES_AGGRESSIVE;
				CLANG_CXX_LANGUAGE_STANDARD = "gnu++20";
				CLANG_ENABLE_MODULES = YES;
				CLANG_ENABLE_OBJC_ARC = YES;
				CLANG_ENABLE_OBJC_WEAK = YES;
				CLANG_WARN_BLOCK_CAPTURE_AUTORELEASING = YES;
				CLANG_WARN_BOOL_CONVERSION = YES;
				CLANG_WARN_COMMA = YES;
				CLANG_WARN_CONSTANT_CONVERSION = YES;
				CLANG_WARN_DEPRECATED_OBJC_IMPLEMENTATIONS = YES;
				CLANG_WARN_DIRECT_OBJC_ISA_USAGE = YES_ERROR;
				CLANG_WARN_DOCUMENTATION_COMMENTS = YES;
				CLANG_WARN_EMPTY_BODY = YES;
				CLANG_WARN_ENUM_CONVERSION = YES;
				CLANG_WARN_INFINITE_RECURSION = YES;
				CLANG_WARN_INT_CONVERSION = YES;
				CLANG_WARN_NON_LITERAL_NULL_CONVERSION = YES;
				CLANG_WARN_OBJC_IMPLICIT_RETAIN_SELF = YES;
				CLANG_WARN_OBJC_LITERAL_CONVERSION = YES;
				CLANG_WARN_OBJC_ROOT_CLASS = YES_ERROR;
				CLANG_WARN_QUOTED_INCLUDE_IN_FRAMEWORK_HEADER = YES;
				CLANG_WARN_RANGE_LOOP_ANALYSIS = YES;
				CLANG_WARN_STRICT_PROTOTYPES = YES;
				CLANG_WARN_SUSPICIOUS_MOVE = YES;
				CLANG_WARN_UNGUARDED_AVAILABILITY = YES_AGGRESSIVE;
				CLANG_WARN_UNREACHABLE_CODE = YES;
				CLANG_WARN__DUPLICATE_METHOD_MATCH = YES;
				COPY_PHASE_STRIP = NO;
				DEBUG_INFORMATION_FORMAT = "dwarf-with-dsym";
				ENABLE_NS_ASSERTIONS = NO;
				ENABLE_STRICT_OBJC_MSGSEND = YES;
				ENABLE_USER_SCRIPT_SANDBOXING = YES;
				GCC_C_LANGUAGE_STANDARD = gnu17;
				GCC_NO_COMMON_BLOCKS = YES;
				GCC_WARN_64_TO_32_BIT_CONVERSION = YES;
				GCC_WARN_ABOUT_RETURN_TYPE = YES_ERROR;
				GCC_WARN_UNDECLARED_SELECTOR = YES;
				GCC_WARN_UNINITIALIZED_AUTOS = YES_AGGRESSIVE;
				GCC_WARN_UNUSED_FUNCTION = YES;
				GCC_WARN_UNUSED_VARIABLE = YES;
				IPHONEOS_DEPLOYMENT_TARGET = 17.6;
				LOCALIZATION_PREFERS_STRING_CATALOGS = YES;
				MTL_ENABLE_DEBUG_INFO = NO;
				MTL_FAST_MATH = YES;
				SDKROOT = iphoneos;
				SWIFT_COMPILATION_MODE = wholemodule;
				VALIDATE_PRODUCT = YES;
			};
			name = Release;
		};
		BBDD96DF2CDD698E00328D65 /* Debug */ = {
			isa = XCBuildConfiguration;
			buildSettings = {
				ASSETCATALOG_COMPILER_APPICON_NAME = AppIcon;
				ASSETCATALOG_COMPILER_GLOBAL_ACCENT_COLOR_NAME = AccentColor;
				CODE_SIGN_STYLE = Automatic;
				CURRENT_PROJECT_VERSION = 1;
				DEVELOPMENT_ASSET_PATHS = "\"MeetTracker/Preview Content\"";
				DEVELOPMENT_TEAM = 22CTWHGWQQ;
				ENABLE_PREVIEWS = YES;
				GENERATE_INFOPLIST_FILE = YES;
				INFOPLIST_KEY_NSLocationAlwaysAndWhenInUseUsageDescription = "MeetTracker needs your location to show you contacts in your current area.";
				INFOPLIST_KEY_NSLocationWhenInUseUsageDescription = "MeetTracker needs your location to show you contacts in your current area.";
				INFOPLIST_KEY_UIApplicationSceneManifest_Generation = YES;
				INFOPLIST_KEY_UIApplicationSupportsIndirectInputEvents = YES;
				INFOPLIST_KEY_UILaunchScreen_Generation = YES;
				INFOPLIST_KEY_UISupportedInterfaceOrientations_iPad = "UIInterfaceOrientationPortrait UIInterfaceOrientationPortraitUpsideDown UIInterfaceOrientationLandscapeLeft UIInterfaceOrientationLandscapeRight";
				INFOPLIST_KEY_UISupportedInterfaceOrientations_iPhone = "UIInterfaceOrientationPortrait UIInterfaceOrientationLandscapeLeft UIInterfaceOrientationLandscapeRight";
				LD_RUNPATH_SEARCH_PATHS = (
					"$(inherited)",
					"@executable_path/Frameworks",
				);
				MARKETING_VERSION = 1.0;
				PRODUCT_BUNDLE_IDENTIFIER = loafmeow.Hoosit;
				PRODUCT_NAME = "$(TARGET_NAME)";
				SWIFT_EMIT_LOC_STRINGS = YES;
				SWIFT_VERSION = 5.0;
				TARGETED_DEVICE_FAMILY = "1,2";
			};
			name = Debug;
		};
		BBDD96E02CDD698E00328D65 /* Release */ = {
			isa = XCBuildConfiguration;
			buildSettings = {
				ASSETCATALOG_COMPILER_APPICON_NAME = AppIcon;
				ASSETCATALOG_COMPILER_GLOBAL_ACCENT_COLOR_NAME = AccentColor;
				CODE_SIGN_STYLE = Automatic;
				CURRENT_PROJECT_VERSION = 1;
				DEVELOPMENT_ASSET_PATHS = "\"MeetTracker/Preview Content\"";
				DEVELOPMENT_TEAM = 22CTWHGWQQ;
				ENABLE_PREVIEWS = YES;
				GENERATE_INFOPLIST_FILE = YES;
				INFOPLIST_KEY_NSLocationAlwaysAndWhenInUseUsageDescription = "MeetTracker needs your location to show you contacts in your current area.";
				INFOPLIST_KEY_NSLocationWhenInUseUsageDescription = "MeetTracker needs your location to show you contacts in your current area.";
				INFOPLIST_KEY_UIApplicationSceneManifest_Generation = YES;
				INFOPLIST_KEY_UIApplicationSupportsIndirectInputEvents = YES;
				INFOPLIST_KEY_UILaunchScreen_Generation = YES;
				INFOPLIST_KEY_UISupportedInterfaceOrientations_iPad = "UIInterfaceOrientationPortrait UIInterfaceOrientationPortraitUpsideDown UIInterfaceOrientationLandscapeLeft UIInterfaceOrientationLandscapeRight";
				INFOPLIST_KEY_UISupportedInterfaceOrientations_iPhone = "UIInterfaceOrientationPortrait UIInterfaceOrientationLandscapeLeft UIInterfaceOrientationLandscapeRight";
				LD_RUNPATH_SEARCH_PATHS = (
					"$(inherited)",
					"@executable_path/Frameworks",
				);
				MARKETING_VERSION = 1.0;
				PRODUCT_BUNDLE_IDENTIFIER = loafmeow.Hoosit;
				PRODUCT_NAME = "$(TARGET_NAME)";
				SWIFT_EMIT_LOC_STRINGS = YES;
				SWIFT_VERSION = 5.0;
				TARGETED_DEVICE_FAMILY = "1,2";
			};
			name = Release;
		};
		BBDD96E22CDD698E00328D65 /* Debug */ = {
			isa = XCBuildConfiguration;
			buildSettings = {
				BUNDLE_LOADER = "$(TEST_HOST)";
				CODE_SIGN_STYLE = Automatic;
				CURRENT_PROJECT_VERSION = 1;
				DEVELOPMENT_TEAM = 22CTWHGWQQ;
				GENERATE_INFOPLIST_FILE = YES;
				IPHONEOS_DEPLOYMENT_TARGET = 18.1;
				MARKETING_VERSION = 1.0;
				PRODUCT_BUNDLE_IDENTIFIER = loafmeow.Hoosit;
				PRODUCT_NAME = "$(TARGET_NAME)";
				SWIFT_EMIT_LOC_STRINGS = NO;
				SWIFT_VERSION = 5.0;
				TARGETED_DEVICE_FAMILY = "1,2";
				TEST_HOST = "$(BUILT_PRODUCTS_DIR)/Hoosit.app/$(BUNDLE_EXECUTABLE_FOLDER_PATH)/Hoosit";
			};
			name = Debug;
		};
		BBDD96E32CDD698E00328D65 /* Release */ = {
			isa = XCBuildConfiguration;
			buildSettings = {
				BUNDLE_LOADER = "$(TEST_HOST)";
				CODE_SIGN_STYLE = Automatic;
				CURRENT_PROJECT_VERSION = 1;
				DEVELOPMENT_TEAM = 22CTWHGWQQ;
				GENERATE_INFOPLIST_FILE = YES;
				IPHONEOS_DEPLOYMENT_TARGET = 18.1;
				MARKETING_VERSION = 1.0;
				PRODUCT_BUNDLE_IDENTIFIER = Watergoesdownhill.Whosit;
				PRODUCT_NAME = "$(TARGET_NAME)";
				SWIFT_EMIT_LOC_STRINGS = NO;
				SWIFT_VERSION = 5.0;
				TARGETED_DEVICE_FAMILY = "1,2";
				TEST_HOST = "$(BUILT_PRODUCTS_DIR)/Hoosit.app/$(BUNDLE_EXECUTABLE_FOLDER_PATH)/Hoosit";
			};
			name = Release;
		};
		BBDD96E52CDD698E00328D65 /* Debug */ = {
			isa = XCBuildConfiguration;
			buildSettings = {
				CODE_SIGN_STYLE = Automatic;
				CURRENT_PROJECT_VERSION = 1;
				DEVELOPMENT_TEAM = 22CTWHGWQQ;
				GENERATE_INFOPLIST_FILE = YES;
				MARKETING_VERSION = 1.0;
				PRODUCT_BUNDLE_IDENTIFIER = loafmeow.Hoosit;
				PRODUCT_NAME = "$(TARGET_NAME)";
				PROVISIONING_PROFILE = "";
				SWIFT_EMIT_LOC_STRINGS = NO;
				SWIFT_VERSION = 5.0;
				TARGETED_DEVICE_FAMILY = "1,2";
			};
			name = Debug;
		};
		BBDD96E62CDD698E00328D65 /* Release */ = {
			isa = XCBuildConfiguration;
			buildSettings = {
				CODE_SIGN_STYLE = Automatic;
				CURRENT_PROJECT_VERSION = 1;
				DEVELOPMENT_TEAM = 22CTWHGWQQ;
				GENERATE_INFOPLIST_FILE = YES;
				MARKETING_VERSION = 1.0;
				PRODUCT_BUNDLE_IDENTIFIER = loafmeow.Hoosit;
				PRODUCT_NAME = "$(TARGET_NAME)";
				PROVISIONING_PROFILE = "";
				SWIFT_EMIT_LOC_STRINGS = NO;
				SWIFT_VERSION = 5.0;
				TARGETED_DEVICE_FAMILY = "1,2";
			};
			name = Release;
		};
/* End XCBuildConfiguration section */

/* Begin XCConfigurationList section */
		BBDD96B02CDD698C00328D65 /* Build configuration list for PBXProject "Hoosit" */ = {
			isa = XCConfigurationList;
			buildConfigurations = (
				BBDD96DC2CDD698E00328D65 /* Debug */,
				BBDD96DD2CDD698E00328D65 /* Release */,
			);
			defaultConfigurationIsVisible = 0;
			defaultConfigurationName = Release;
		};
		BBDD96DE2CDD698E00328D65 /* Build configuration list for PBXNativeTarget "Hoosit" */ = {
			isa = XCConfigurationList;
			buildConfigurations = (
				BBDD96DF2CDD698E00328D65 /* Debug */,
				BBDD96E02CDD698E00328D65 /* Release */,
			);
			defaultConfigurationIsVisible = 0;
			defaultConfigurationName = Release;
		};
		BBDD96E12CDD698E00328D65 /* Build configuration list for PBXNativeTarget "HoositTests" */ = {
			isa = XCConfigurationList;
			buildConfigurations = (
				BBDD96E22CDD698E00328D65 /* Debug */,
				BBDD96E32CDD698E00328D65 /* Release */,
			);
			defaultConfigurationIsVisible = 0;
			defaultConfigurationName = Release;
		};
		BBDD96E42CDD698E00328D65 /* Build configuration list for PBXNativeTarget "HoositUITests" */ = {
			isa = XCConfigurationList;
			buildConfigurations = (
				BBDD96E52CDD698E00328D65 /* Debug */,
				BBDD96E62CDD698E00328D65 /* Release */,
			);
			defaultConfigurationIsVisible = 0;
			defaultConfigurationName = Release;
		};
/* End XCConfigurationList section */
	};
	rootObject = BBDD96AD2CDD698C00328D65 /* Project object */;
}
